Microsoft Visual Studio Solution File, Format Version 12.00
# Visual Studio Version 17
VisualStudioVersion = 17.5.2.0
MinimumVisualStudioVersion = 10.0.40219.1
Project("{FAE04EC0-301F-11D3-BF4B-00C04F79EFBC}") = "CaixaVerso.Tests", "CaixaVerso.Tests.csproj", "{93C1247F-89C0-2E4C-CF43-DC843EF1BE7B}"
EndProject
Global
	GlobalSection(SolutionConfigurationPlatforms) = preSolution
		Debug|Any CPU = Debug|Any CPU
		Release|Any CPU = Release|Any CPU
	EndGlobalSection
	GlobalSection(ProjectConfigurationPlatforms) = postSolution
		{93C1247F-89C0-2E4C-CF43-DC843EF1BE7B}.Debug|Any CPU.ActiveCfg = Debug|Any CPU
		{93C1247F-89C0-2E4C-CF43-DC843EF1BE7B}.Debug|Any CPU.Build.0 = Debug|Any CPU
		{93C1247F-89C0-2E4C-CF43-DC843EF1BE7B}.Release|Any CPU.ActiveCfg = Release|Any CPU
		{93C1247F-89C0-2E4C-CF43-DC843EF1BE7B}.Release|Any CPU.Build.0 = Release|Any CPU
	EndGlobalSection
	GlobalSection(SolutionProperties) = preSolution
		HideSolutionNode = FALSE
	EndGlobalSection
	GlobalSection(ExtensibilityGlobals) = postSolution
		SolutionGuid = {7A46C2C7-B1BB-4882-91AF-25BA7F841AFF}
	EndGlobalSection
EndGlobal
